
Microsoft Visual Studio Solution File, Format Version 12.00
# Visual Studio Version 16
VisualStudioVersion = 16.0.33130.400
MinimumVisualStudioVersion = 10.0.40219.1
Project("{FAE04EC0-301F-11D3-BF4B-00C04F79EFBC}") = "Tarih", "Tarih\Tarih.csproj", "{AA990361-6FDA-4264-B1EF-0ED2F4573AE9}"
EndProject
Global
	GlobalSection(SolutionConfigurationPlatforms) = preSolution
		Debug|Any CPU = Debug|Any CPU
		Release|Any CPU = Release|Any CPU
	EndGlobalSection
	GlobalSection(ProjectConfigurationPlatforms) = postSolution
		{AA990361-6FDA-4264-B1EF-0ED2F4573AE9}.Debug|Any CPU.ActiveCfg = Debug|Any CPU
		{AA990361-6FDA-4264-B1EF-0ED2F4573AE9}.Debug|Any CPU.Build.0 = Debug|Any CPU
		{AA990361-6FDA-4264-B1EF-0ED2F4573AE9}.Release|Any CPU.ActiveCfg = Release|Any CPU
		{AA990361-6FDA-4264-B1EF-0ED2F4573AE9}.Release|Any CPU.Build.0 = Release|Any CPU
	EndGlobalSection
	GlobalSection(SolutionProperties) = preSolution
		HideSolutionNode = FALSE
	EndGlobalSection
	GlobalSection(ExtensibilityGlobals) = postSolution
		SolutionGuid = {50571CC0-7902-47D8-B071-408AC0F817C0}
	EndGlobalSection
EndGlobal
